
Microsoft Visual Studio Solution File, Format Version 12.00
# Visual Studio 14
VisualStudioVersion = 14.0.25123.0
MinimumVisualStudioVersion = 10.0.40219.1
Project("{2150E333-8FDC-42A3-9474-1A3956D46DE8}") = "Core", "Core", "{A01FB14F-4030-46D8-A430-30CD7C4AB4F5}"
EndProject
Project("{2150E333-8FDC-42A3-9474-1A3956D46DE8}") = "Servers", "Servers", "{2CE2FC10-DEC8-4732-9183-7383070E7353}"
EndProject
Project("{2150E333-8FDC-42A3-9474-1A3956D46DE8}") = "Data", "Data", "{A897F755-3EB4-4D7B-A517-73D678874919}"
EndProject
Project("{2150E333-8FDC-42A3-9474-1A3956D46DE8}") = "Tests", "Tests", "{8FE549FC-A021-4AA7-8E44-F5D2B31784B5}"
EndProject
Project("{FAE04EC0-301F-11D3-BF4B-00C04F79EFBC}") = "Moonfire.Core", "Core\Moonfire.Core\Moonfire.Core.csproj", "{3D564309-707E-4950-90B6-71E18D178223}"
EndProject
Project("{FAE04EC0-301F-11D3-BF4B-00C04F79EFBC}") = "Moonfire.AuthServer", "Servers\Moonfire.AuthServer\Moonfire.AuthServer.csproj", "{AF8C925B-C4FC-48A1-B87B-1E43FB67F0F6}"
EndProject
Project("{FAE04EC0-301F-11D3-BF4B-00C04F79EFBC}") = "Moonfire.WorldServer", "Servers\Moonfire.WorldServer\Moonfire.WorldServer.csproj", "{8D88BA6E-2814-494C-A9AE-21B55F46FCC8}"
EndProject
Global
	GlobalSection(SolutionConfigurationPlatforms) = preSolution
		Debug|Any CPU = Debug|Any CPU
		Release|Any CPU = Release|Any CPU
	EndGlobalSection
	GlobalSection(ProjectConfigurationPlatforms) = postSolution
		{3D564309-707E-4950-90B6-71E18D178223}.Debug|Any CPU.ActiveCfg = Debug|Any CPU
		{3D564309-707E-4950-90B6-71E18D178223}.Debug|Any CPU.Build.0 = Debug|Any CPU
		{3D564309-707E-4950-90B6-71E18D178223}.Release|Any CPU.ActiveCfg = Release|Any CPU
		{3D564309-707E-4950-90B6-71E18D178223}.Release|Any CPU.Build.0 = Release|Any CPU
		{AF8C925B-C4FC-48A1-B87B-1E43FB67F0F6}.Debug|Any CPU.ActiveCfg = Debug|Any CPU
		{AF8C925B-C4FC-48A1-B87B-1E43FB67F0F6}.Debug|Any CPU.Build.0 = Debug|Any CPU
		{AF8C925B-C4FC-48A1-B87B-1E43FB67F0F6}.Release|Any CPU.ActiveCfg = Release|Any CPU
		{AF8C925B-C4FC-48A1-B87B-1E43FB67F0F6}.Release|Any CPU.Build.0 = Release|Any CPU
		{8D88BA6E-2814-494C-A9AE-21B55F46FCC8}.Debug|Any CPU.ActiveCfg = Debug|Any CPU
		{8D88BA6E-2814-494C-A9AE-21B55F46FCC8}.Debug|Any CPU.Build.0 = Debug|Any CPU
		{8D88BA6E-2814-494C-A9AE-21B55F46FCC8}.Release|Any CPU.ActiveCfg = Release|Any CPU
		{8D88BA6E-2814-494C-A9AE-21B55F46FCC8}.Release|Any CPU.Build.0 = Release|Any CPU
	EndGlobalSection
	GlobalSection(SolutionProperties) = preSolution
		HideSolutionNode = FALSE
	EndGlobalSection
	GlobalSection(NestedProjects) = preSolution
		{3D564309-707E-4950-90B6-71E18D178223} = {A01FB14F-4030-46D8-A430-30CD7C4AB4F5}
		{AF8C925B-C4FC-48A1-B87B-1E43FB67F0F6} = {2CE2FC10-DEC8-4732-9183-7383070E7353}
		{8D88BA6E-2814-494C-A9AE-21B55F46FCC8} = {2CE2FC10-DEC8-4732-9183-7383070E7353}
	EndGlobalSection
EndGlobal
